Microsoft Visual Studio Solution File, Format Version 12.00
# Visual Studio Version 17
VisualStudioVersion = 17.5.2.0
MinimumVisualStudioVersion = 10.0.40219.1
Project("{FAE04EC0-301F-11D3-BF4B-00C04F79EFBC}") = "MultiTenantLMS", "MultiTenantLMS.csproj", "{69B363F3-CF34-35C9-BEE3-C5B0B9E4DC33}"
EndProject
Global
	GlobalSection(SolutionConfigurationPlatforms) = preSolution
		Debug|Any CPU = Debug|Any CPU
		Release|Any CPU = Release|Any CPU
	EndGlobalSection
	GlobalSection(ProjectConfigurationPlatforms) = postSolution
		{69B363F3-CF34-35C9-BEE3-C5B0B9E4DC33}.Debug|Any CPU.ActiveCfg = Debug|Any CPU
		{69B363F3-CF34-35C9-BEE3-C5B0B9E4DC33}.Debug|Any CPU.Build.0 = Debug|Any CPU
		{69B363F3-CF34-35C9-BEE3-C5B0B9E4DC33}.Release|Any CPU.ActiveCfg = Release|Any CPU
		{69B363F3-CF34-35C9-BEE3-C5B0B9E4DC33}.Release|Any CPU.Build.0 = Release|Any CPU
	EndGlobalSection
	GlobalSection(SolutionProperties) = preSolution
		HideSolutionNode = FALSE
	EndGlobalSection
	GlobalSection(ExtensibilityGlobals) = postSolution
		SolutionGuid = {C9E40111-FD5E-48FD-B186-472E6049322C}
	EndGlobalSection
EndGlobal
